// !$*UTF8*$!
{
	archiveVersion = 1;
	classes = {
	};
	objectVersion = 52;
	objects = {

/* Begin PBXBuildFile section */
		354D8BC226EB898D00380494 /* toy_robot_vintage.usdz in Resources */ = {isa = PBXBuildFile; fileRef = 354D8BBE26EB898D00380494 /* toy_robot_vintage.usdz */; };
		354D8BC326EB898D00380494 /* fender_stratocaster.usdz in Resources */ = {isa = PBXBuildFile; fileRef = 354D8BBF26EB898D00380494 /* fender_stratocaster.usdz */; };
		354D8BC426EB898D00380494 /* toy_biplane.usdz in Resources */ = {isa = PBXBuildFile; fileRef = 354D8BC026EB898D00380494 /* toy_biplane.usdz */; };
		354D8BC526EB898D00380494 /* teapot.usdz in Resources */ = {isa = PBXBuildFile; fileRef = 354D8BC126EB898D00380494 /* teapot.usdz */; };
		35608FC426E9C6EE00309763 /* AppDelegate.swift in Sources */ = {isa = PBXBuildFile; fileRef = 35608FC326E9C6EE00309763 /* AppDelegate.swift */; };
		35608FC626E9C6EE00309763 /* ContentView.swift in Sources */ = {isa = PBXBuildFile; fileRef = 35608FC526E9C6EE00309763 /* ContentView.swift */; };
		35608FCA26E9C6F100309763 /* Assets.xcassets in Resources */ = {isa = PBXBuildFile; fileRef = 35608FC926E9C6F100309763 /* Assets.xcassets */; };
		35608FCD26E9C6F100309763 /* Preview Assets.xcassets in Resources */ = {isa = PBXBuildFile; fileRef = 35608FCC26E9C6F100309763 /* Preview Assets.xcassets */; };
		35608FD526E9D18200309763 /* crsppdr.dae in Resources */ = {isa = PBXBuildFile; fileRef = 35608FD426E9D18200309763 /* crsppdr.dae */; };
		35608FD726E9D1C000309763 /* crsppdr.scn in Resources */ = {isa = PBXBuildFile; fileRef = 35608FD626E9D1C000309763 /* crsppdr.scn */; };
		3566FCB526EBA8C10042A685 /* Model.swift in Sources */ = {isa = PBXBuildFile; fileRef = 3566FCB426EBA8C10042A685 /* Model.swift */; };
		3566FCB826EBB2010042A685 /* FocusEntity in Frameworks */ = {isa = PBXBuildFile; productRef = 3566FCB726EBB2010042A685 /* FocusEntity */; };
/* End PBXBuildFile section */

/* Begin PBXFileReference section */
		354D8BBE26EB898D00380494 /* toy_robot_vintage.usdz */ = {isa = PBXFileReference; lastKnownFileType = file.usdz; path = toy_robot_vintage.usdz; sourceTree = "<group>"; };
		354D8BBF26EB898D00380494 /* fender_stratocaster.usdz */ = {isa = PBXFileReference; lastKnownFileType = file.usdz; path = fender_stratocaster.usdz; sourceTree = "<group>"; };
		354D8BC026EB898D00380494 /* toy_biplane.usdz */ = {isa = PBXFileReference; lastKnownFileType = file.usdz; path = toy_biplane.usdz; sourceTree = "<group>"; };
		354D8BC126EB898D00380494 /* teapot.usdz */ = {isa = PBXFileReference; lastKnownFileType = file.usdz; path = teapot.usdz; sourceTree = "<group>"; };
		35608FC026E9C6EE00309763 /* LearningARKit.app */ = {isa = PBXFileReference; explicitFileType = wrapper.application; includeInIndex = 0; path = LearningARKit.app; sourceTree = BUILT_PRODUCTS_DIR; };
		35608FC326E9C6EE00309763 /* AppDelegate.swift */ = {isa = PBXFileReference; lastKnownFileType = sourcecode.swift; path = AppDelegate.swift; sourceTree = "<group>"; };
		35608FC526E9C6EE00309763 /* ContentView.swift */ = {isa = PBXFileReference; lastKnownFileType = sourcecode.swift; path = ContentView.swift; sourceTree = "<group>"; };
		35608FC926E9C6F100309763 /* Assets.xcassets */ = {isa = PBXFileReference; lastKnownFileType = folder.assetcatalog; path = Assets.xcassets; sourceTree = "<group>"; };
		35608FCC26E9C6F100309763 /* Preview Assets.xcassets */ = {isa = PBXFileReference; lastKnownFileType = folder.assetcatalog; path = "Preview Assets.xcassets"; sourceTree = "<group>"; };
		35608FCE26E9C6F100309763 /* Info.plist */ = {isa = PBXFileReference; lastKnownFileType = text.plist.xml; path = Info.plist; sourceTree = "<group>"; };
		35608FD426E9D18200309763 /* crsppdr.dae */ = {isa = PBXFileReference; fileEncoding = 4; lastKnownFileType = text.xml.dae; path = crsppdr.dae; sourceTree = "<group>"; };
		35608FD626E9D1C000309763 /* crsppdr.scn */ = {isa = PBXFileReference; lastKnownFileType = file.bplist; path = crsppdr.scn; sourceTree = "<group>"; };
		3566FCB426EBA8C10042A685 /* Model.swift */ = {isa = PBXFileReference; lastKnownFileType = sourcecode.swift; path = Model.swift; sourceTree = "<group>"; };
/* End PBXFileReference section */

/* Begin PBXFrameworksBuildPhase section */
		35608FBD26E9C6EE00309763 /* Frameworks */ = {
			isa = PBXFrameworksBuildPhase;
			buildActionMask = 2147483647;
			files = (
				3566FCB826EBB2010042A685 /* FocusEntity in Frameworks */,
			);
			runOnlyForDeploymentPostprocessing = 0;
		};
/* End PBXFrameworksBuildPhase section */

/* Begin PBXGroup section */
		354D8BBD26EB896900380494 /* Models */ = {
			isa = PBXGroup;
			children = (
				354D8BBF26EB898D00380494 /* fender_stratocaster.usdz */,
				354D8BC126EB898D00380494 /* teapot.usdz */,
				354D8BC026EB898D00380494 /* toy_biplane.usdz */,
				354D8BBE26EB898D00380494 /* toy_robot_vintage.usdz */,
			);
			path = Models;
			sourceTree = "<group>";
		};
		35608FB726E9C6EE00309763 = {
			isa = PBXGroup;
			children = (
				35608FC226E9C6EE00309763 /* LearningARKit */,
				35608FC126E9C6EE00309763 /* Products */,
			);
			sourceTree = "<group>";
		};
		35608FC126E9C6EE00309763 /* Products */ = {
			isa = PBXGroup;
			children = (
				35608FC026E9C6EE00309763 /* LearningARKit.app */,
			);
			name = Products;
			sourceTree = "<group>";
		};
		35608FC226E9C6EE00309763 /* LearningARKit */ = {
			isa = PBXGroup;
			children = (
				354D8BBD26EB896900380494 /* Models */,
				35608FC326E9C6EE00309763 /* AppDelegate.swift */,
				35608FC526E9C6EE00309763 /* ContentView.swift */,
				35608FC926E9C6F100309763 /* Assets.xcassets */,
				35608FCE26E9C6F100309763 /* Info.plist */,
				35608FD426E9D18200309763 /* crsppdr.dae */,
				35608FD626E9D1C000309763 /* crsppdr.scn */,
				35608FCB26E9C6F100309763 /* Preview Content */,
				3566FCB426EBA8C10042A685 /* Model.swift */,
			);
			path = LearningARKit;
			sourceTree = "<group>";
		};
		35608FCB26E9C6F100309763 /* Preview Content */ = {
			isa = PBXGroup;
			children = (
				35608FCC26E9C6F100309763 /* Preview Assets.xcassets */,
			);
			path = "Preview Content";
			sourceTree = "<group>";
		};
/* End PBXGroup section */

/* Begin PBXNativeTarget section */
		35608FBF26E9C6EE00309763 /* LearningARKit */ = {
			isa = PBXNativeTarget;
			buildConfigurationList = 35608FD126E9C6F100309763 /* Build configuration list for PBXNativeTarget "LearningARKit" */;
			buildPhases = (
				35608FBC26E9C6EE00309763 /* Sources */,
				35608FBD26E9C6EE00309763 /* Frameworks */,
				35608FBE26E9C6EE00309763 /* Resources */,
			);
			buildRules = (
			);
			dependencies = (
			);
			name = LearningARKit;
			packageProductDependencies = (
				3566FCB726EBB2010042A685 /* FocusEntity */,
			);
			productName = LearningARKit;
			productReference = 35608FC026E9C6EE00309763 /* LearningARKit.app */;
			productType = "com.apple.product-type.application";
		};
/* End PBXNativeTarget section */

/* Begin PBXProject section */
		35608FB826E9C6EE00309763 /* Project object */ = {
			isa = PBXProject;
			attributes = {
				LastSwiftUpdateCheck = 1250;
				LastUpgradeCheck = 1250;
				TargetAttributes = {
					35608FBF26E9C6EE00309763 = {
						CreatedOnToolsVersion = 12.5.1;
					};
				};
			};
			buildConfigurationList = 35608FBB26E9C6EE00309763 /* Build configuration list for PBXProject "LearningARKit" */;
			compatibilityVersion = "Xcode 9.3";
			developmentRegion = en;
			hasScannedForEncodings = 0;
			knownRegions = (
				en,
				Base,
			);
			mainGroup = 35608FB726E9C6EE00309763;
			packageReferences = (
				3566FCB626EBB2010042A685 /* XCRemoteSwiftPackageReference "FocusEntity" */,
			);
			productRefGroup = 35608FC126E9C6EE00309763 /* Products */;
			projectDirPath = "";
			projectRoot = "";
			targets = (
				35608FBF26E9C6EE00309763 /* LearningARKit */,
			);
		};
/* End PBXProject section */

/* Begin PBXResourcesBuildPhase section */
		35608FBE26E9C6EE00309763 /* Resources */ = {
			isa = PBXResourcesBuildPhase;
			buildActionMask = 2147483647;
			files = (
				35608FCD26E9C6F100309763 /* Preview Assets.xcassets in Resources */,
				354D8BC226EB898D00380494 /* toy_robot_vintage.usdz in Resources */,
				354D8BC326EB898D00380494 /* fender_stratocaster.usdz in Resources */,
				35608FD526E9D18200309763 /* crsppdr.dae in Resources */,
				354D8BC526EB898D00380494 /* teapot.usdz in Resources */,
				35608FCA26E9C6F100309763 /* Assets.xcassets in Resources */,
				35608FD726E9D1C000309763 /* crsppdr.scn in Resources */,
				354D8BC426EB898D00380494 /* toy_biplane.usdz in Resources */,
			);
			runOnlyForDeploymentPostprocessing = 0;
		};
/* End PBXResourcesBuildPhase section */

/* Begin PBXSourcesBuildPhase section */
		35608FBC26E9C6EE00309763 /* Sources */ = {
			isa = PBXSourcesBuildPhase;
			buildActionMask = 2147483647;
			files = (
				3566FCB526EBA8C10042A685 /* Model.swift in Sources */,
				35608FC626E9C6EE00309763 /* ContentView.swift in Sources */,
				35608FC426E9C6EE00309763 /* AppDelegate.swift in Sources */,
			);
			runOnlyForDeploymentPostprocessing = 0;
		};
/* End PBXSourcesBuildPhase section */

/* Begin XCBuildConfiguration section */
		35608FCF26E9C6F100309763 /* Debug */ = {
			isa = XCBuildConfiguration;
			buildSettings = {
				ALWAYS_SEARCH_USER_PATHS = NO;
				CLANG_ANALYZER_NONNULL = YES;
				CLANG_ANALYZER_NUMBER_OBJECT_CONVERSION = YES_AGGRESSIVE;
				CLANG_CXX_LANGUAGE_STANDARD = "gnu++14";
				CLANG_CXX_LIBRARY = "libc++";
				CLANG_ENABLE_MODULES = YES;
				CLANG_ENABLE_OBJC_ARC = YES;
				CLANG_ENABLE_OBJC_WEAK = YES;
				CLANG_WARN_BLOCK_CAPTURE_AUTORELEASING = YES;
				CLANG_WARN_BOOL_CONVERSION = YES;
				CLANG_WARN_COMMA = YES;
				CLANG_WARN_CONSTANT_CONVERSION = YES;
				CLANG_WARN_DEPRECATED_OBJC_IMPLEMENTATIONS = YES;
				CLANG_WARN_DIRECT_OBJC_ISA_USAGE = YES_ERROR;
				CLANG_WARN_DOCUMENTATION_COMMENTS = YES;
				CLANG_WARN_EMPTY_BODY = YES;
				CLANG_WARN_ENUM_CONVERSION = YES;
				CLANG_WARN_INFINITE_RECURSION = YES;
				CLANG_WARN_INT_CONVERSION = YES;
				CLANG_WARN_NON_LITERAL_NULL_CONVERSION = YES;
				CLANG_WARN_OBJC_IMPLICIT_RETAIN_SELF = YES;
				CLANG_WARN_OBJC_LITERAL_CONVERSION = YES;
				CLANG_WARN_OBJC_ROOT_CLASS = YES_ERROR;
				CLANG_WARN_QUOTED_INCLUDE_IN_FRAMEWORK_HEADER = YES;
				CLANG_WARN_RANGE_LOOP_ANALYSIS = YES;
				CLANG_WARN_STRICT_PROTOTYPES = YES;
				CLANG_WARN_SUSPICIOUS_MOVE = YES;
				CLANG_WARN_UNGUARDED_AVAILABILITY = YES_AGGRESSIVE;
				CLANG_WARN_UNREACHABLE_CODE = YES;
				CLANG_WARN__DUPLICATE_METHOD_MATCH = YES;
				COPY_PHASE_STRIP = NO;
				DEBUG_INFORMATION_FORMAT = dwarf;
				ENABLE_STRICT_OBJC_MSGSEND = YES;
				ENABLE_TESTABILITY = YES;
				GCC_C_LANGUAGE_STANDARD = gnu11;
				GCC_DYNAMIC_NO_PIC = NO;
				GCC_NO_COMMON_BLOCKS = YES;
				GCC_OPTIMIZATION_LEVEL = 0;
				GCC_PREPROCESSOR_DEFINITIONS = (
					"DEBUG=1",
					"$(inherited)",
				);
				GCC_WARN_64_TO_32_BIT_CONVERSION = YES;
				GCC_WARN_ABOUT_RETURN_TYPE = YES_ERROR;
				GCC_WARN_UNDECLARED_SELECTOR = YES;
				GCC_WARN_UNINITIALIZED_AUTOS = YES_AGGRESSIVE;
				GCC_WARN_UNUSED_FUNCTION = YES;
				GCC_WARN_UNUSED_VARIABLE = YES;
				IPHONEOS_DEPLOYMENT_TARGET = 13.6;
				MTL_ENABLE_DEBUG_INFO = INCLUDE_SOURCE;
				MTL_FAST_MATH = YES;
				ONLY_ACTIVE_ARCH = YES;
				SDKROOT = iphoneos;
				SWIFT_ACTIVE_COMPILATION_CONDITIONS = DEBUG;
				SWIFT_OPTIMIZATION_LEVEL = "-Onone";
			};
			name = Debug;
		};
		35608FD026E9C6F100309763 /* Release */ = {
			isa = XCBuildConfiguration;
			buildSettings = {
				ALWAYS_SEARCH_USER_PATHS = NO;
				CLANG_ANALYZER_NONNULL = YES;
				CLANG_ANALYZER_NUMBER_OBJECT_CONVERSION = YES_AGGRESSIVE;
				CLANG_CXX_LANGUAGE_STANDARD = "gnu++14";
				CLANG_CXX_LIBRARY = "libc++";
				CLANG_ENABLE_MODULES = YES;
				CLANG_ENABLE_OBJC_ARC = YES;
				CLANG_ENABLE_OBJC_WEAK = YES;
				CLANG_WARN_BLOCK_CAPTURE_AUTORELEASING = YES;
				CLANG_WARN_BOOL_CONVERSION = YES;
				CLANG_WARN_COMMA = YES;
				CLANG_WARN_CONSTANT_CONVERSION = YES;
				CLANG_WARN_DEPRECATED_OBJC_IMPLEMENTATIONS = YES;
				CLANG_WARN_DIRECT_OBJC_ISA_USAGE = YES_ERROR;
				CLANG_WARN_DOCUMENTATION_COMMENTS = YES;
				CLANG_WARN_EMPTY_BODY = YES;
				CLANG_WARN_ENUM_CONVERSION = YES;
				CLANG_WARN_INFINITE_RECURSION = YES;
				CLANG_WARN_INT_CONVERSION = YES;
				CLANG_WARN_NON_LITERAL_NULL_CONVERSION = YES;
				CLANG_WARN_OBJC_IMPLICIT_RETAIN_SELF = YES;
				CLANG_WARN_OBJC_LITERAL_CONVERSION = YES;
				CLANG_WARN_OBJC_ROOT_CLASS = YES_ERROR;
				CLANG_WARN_QUOTED_INCLUDE_IN_FRAMEWORK_HEADER = YES;
				CLANG_WARN_RANGE_LOOP_ANALYSIS = YES;
				CLANG_WARN_STRICT_PROTOTYPES = YES;
				CLANG_WARN_SUSPICIOUS_MOVE = YES;
				CLANG_WARN_UNGUARDED_AVAILABILITY = YES_AGGRESSIVE;
				CLANG_WARN_UNREACHABLE_CODE = YES;
				CLANG_WARN__DUPLICATE_METHOD_MATCH = YES;
				COPY_PHASE_STRIP = NO;
				DEBUG_INFORMATION_FORMAT = "dwarf-with-dsym";
				ENABLE_NS_ASSERTIONS = NO;
				ENABLE_STRICT_OBJC_MSGSEND = YES;
				GCC_C_LANGUAGE_STANDARD = gnu11;
				GCC_NO_COMMON_BLOCKS = YES;
				GCC_WARN_64_TO_32_BIT_CONVERSION = YES;
				GCC_WARN_ABOUT_RETURN_TYPE = YES_ERROR;
				GCC_WARN_UNDECLARED_SELECTOR = YES;
				GCC_WARN_UNINITIALIZED_AUTOS = YES_AGGRESSIVE;
				GCC_WARN_UNUSED_FUNCTION = YES;
				GCC_WARN_UNUSED_VARIABLE = YES;
				IPHONEOS_DEPLOYMENT_TARGET = 13.6;
				MTL_ENABLE_DEBUG_INFO = NO;
				MTL_FAST_MATH = YES;
				SDKROOT = iphoneos;
				SWIFT_COMPILATION_MODE = wholemodule;
				SWIFT_OPTIMIZATION_LEVEL = "-O";
				VALIDATE_PRODUCT = YES;
			};
			name = Release;
		};
		35608FD226E9C6F100309763 /* Debug */ = {
			isa = XCBuildConfiguration;
			buildSettings = {
				ASSETCATALOG_COMPILER_APPICON_NAME = AppIcon;
				ASSETCATALOG_COMPILER_GLOBAL_ACCENT_COLOR_NAME = AccentColor;
				CODE_SIGN_STYLE = Automatic;
				DEVELOPMENT_ASSET_PATHS = "\"LearningARKit/Preview Content\"";
				DEVELOPMENT_TEAM = 6Q3V7TZHUQ;
				ENABLE_PREVIEWS = YES;
				INFOPLIST_FILE = LearningARKit/Info.plist;
				LD_RUNPATH_SEARCH_PATHS = (
					"$(inherited)",
					"@executable_path/Frameworks",
				);
				PRODUCT_BUNDLE_IDENTIFIER = com.New.LearningARKit;
				PRODUCT_NAME = "$(TARGET_NAME)";
				SWIFT_VERSION = 5.0;
				TARGETED_DEVICE_FAMILY = "1,2";
			};
			name = Debug;
		};
		35608FD326E9C6F100309763 /* Release */ = {
			isa = XCBuildConfiguration;
			buildSettings = {
				ASSETCATALOG_COMPILER_APPICON_NAME = AppIcon;
				ASSETCATALOG_COMPILER_GLOBAL_ACCENT_COLOR_NAME = AccentColor;
				CODE_SIGN_STYLE = Automatic;
				DEVELOPMENT_ASSET_PATHS = "\"LearningARKit/Preview Content\"";
				DEVELOPMENT_TEAM = 6Q3V7TZHUQ;
				ENABLE_PREVIEWS = YES;
				INFOPLIST_FILE = LearningARKit/Info.plist;
				LD_RUNPATH_SEARCH_PATHS = (
					"$(inherited)",
					"@executable_path/Frameworks",
				);
				PRODUCT_BUNDLE_IDENTIFIER = com.New.LearningARKit;
				PRODUCT_NAME = "$(TARGET_NAME)";
				SWIFT_VERSION = 5.0;
				TARGETED_DEVICE_FAMILY = "1,2";
			};
			name = Release;
		};
/* End XCBuildConfiguration section */

/* Begin XCConfigurationList section */
		35608FBB26E9C6EE00309763 /* Build configuration list for PBXProject "LearningARKit" */ = {
			isa = XCConfigurationList;
			buildConfigurations = (
				35608FCF26E9C6F100309763 /* Debug */,
				35608FD026E9C6F100309763 /* Release */,
			);
			defaultConfigurationIsVisible = 0;
			defaultConfigurationName = Release;
		};
		35608FD126E9C6F100309763 /* Build configuration list for PBXNativeTarget "LearningARKit" */ = {
			isa = XCConfigurationList;
			buildConfigurations = (
				35608FD226E9C6F100309763 /* Debug */,
				35608FD326E9C6F100309763 /* Release */,
			);
			defaultConfigurationIsVisible = 0;
			defaultConfigurationName = Release;
		};
/* End XCConfigurationList section */

/* Begin XCRemoteSwiftPackageReference section */
		3566FCB626EBB2010042A685 /* XCRemoteSwiftPackageReference "FocusEntity" */ = {
			isa = XCRemoteSwiftPackageReference;
			repositoryURL = "https://github.com/maxxfrazer/FocusEntity";
			requirement = {
				kind = upToNextMajorVersion;
				minimumVersion = 2.2.3;
			};
		};
/* End XCRemoteSwiftPackageReference section */

/* Begin XCSwiftPackageProductDependency section */
		3566FCB726EBB2010042A685 /* FocusEntity */ = {
			isa = XCSwiftPackageProductDependency;
			package = 3566FCB626EBB2010042A685 /* XCRemoteSwiftPackageReference "FocusEntity" */;
			productName = FocusEntity;
		};
/* End XCSwiftPackageProductDependency section */
	};
	rootObject = 35608FB826E9C6EE00309763 /* Project object */;
}
